
Microsoft Visual Studio Solution File, Format Version 12.00
# Visual Studio Version 17
VisualStudioVersion = 17.9.34622.214
MinimumVisualStudioVersion = 10.0.40219.1
Project("{FAE04EC0-301F-11D3-BF4B-00C04F79EFBC}") = "LuyenTapc1", "LuyenTapc1\LuyenTapc1.csproj", "{A027F3ED-50A2-4AB2-8B17-26B5A40F82A5}"
EndProject
Project("{FAE04EC0-301F-11D3-BF4B-00C04F79EFBC}") = "App_class_lib", "App_class_lib\App_class_lib.csproj", "{BD86D36D-DDB1-48FD-9CD3-1E00F02DAA13}"
EndProject
Global
	GlobalSection(SolutionConfigurationPlatforms) = preSolution
		Debug|Any CPU = Debug|Any CPU
		Release|Any CPU = Release|Any CPU
	EndGlobalSection
	GlobalSection(ProjectConfigurationPlatforms) = postSolution
		{A027F3ED-50A2-4AB2-8B17-26B5A40F82A5}.Debug|Any CPU.ActiveCfg = Debug|Any CPU
		{A027F3ED-50A2-4AB2-8B17-26B5A40F82A5}.Debug|Any CPU.Build.0 = Debug|Any CPU
		{A027F3ED-50A2-4AB2-8B17-26B5A40F82A5}.Release|Any CPU.ActiveCfg = Release|Any CPU
		{A027F3ED-50A2-4AB2-8B17-26B5A40F82A5}.Release|Any CPU.Build.0 = Release|Any CPU
		{BD86D36D-DDB1-48FD-9CD3-1E00F02DAA13}.Debug|Any CPU.ActiveCfg = Debug|Any CPU
		{BD86D36D-DDB1-48FD-9CD3-1E00F02DAA13}.Debug|Any CPU.Build.0 = Debug|Any CPU
		{BD86D36D-DDB1-48FD-9CD3-1E00F02DAA13}.Release|Any CPU.ActiveCfg = Release|Any CPU
		{BD86D36D-DDB1-48FD-9CD3-1E00F02DAA13}.Release|Any CPU.Build.0 = Release|Any CPU
	EndGlobalSection
	GlobalSection(SolutionProperties) = preSolution
		HideSolutionNode = FALSE
	EndGlobalSection
	GlobalSection(ExtensibilityGlobals) = postSolution
		SolutionGuid = {C7F0C426-506D-48FA-8480-87E6AF79952A}
	EndGlobalSection
EndGlobal
